
Microsoft Visual Studio Solution File, Format Version 12.00
# Visual Studio 15
VisualStudioVersion = 15.0.28307.329
MinimumVisualStudioVersion = 10.0.40219.1
Project("{FAE04EC0-301F-11D3-BF4B-00C04F79EFBC}") = "lessons_Csharp", "lessons_Csharp\lessons_Csharp.csproj", "{1F7838DA-6CF9-4921-8D10-CFB334608FF2}"
EndProject
Project("{FAE04EC0-301F-11D3-BF4B-00C04F79EFBC}") = "MyProjectDZ1", "MyProjectDZ1\MyProjectDZ1.csproj", "{12A74DAD-F320-4051-B80D-54227701D29F}"
EndProject
Project("{FAE04EC0-301F-11D3-BF4B-00C04F79EFBC}") = "MyProjectDZ2", "MyProjectDZ2\MyProjectDZ2.csproj", "{1E1D02CB-C1B6-411F-9637-5CA62BF34ED2}"
EndProject
Project("{FAE04EC0-301F-11D3-BF4B-00C04F79EFBC}") = "MyProjectDZ3", "MyProjectDZ3\MyProjectDZ3.csproj", "{B481B595-1679-49C4-B79E-0BC1F354BFF2}"
EndProject
Global
	GlobalSection(SolutionConfigurationPlatforms) = preSolution
		Debug|Any CPU = Debug|Any CPU
		Release|Any CPU = Release|Any CPU
	EndGlobalSection
	GlobalSection(ProjectConfigurationPlatforms) = postSolution
		{1F7838DA-6CF9-4921-8D10-CFB334608FF2}.Debug|Any CPU.ActiveCfg = Debug|Any CPU
		{1F7838DA-6CF9-4921-8D10-CFB334608FF2}.Debug|Any CPU.Build.0 = Debug|Any CPU
		{1F7838DA-6CF9-4921-8D10-CFB334608FF2}.Release|Any CPU.ActiveCfg = Release|Any CPU
		{1F7838DA-6CF9-4921-8D10-CFB334608FF2}.Release|Any CPU.Build.0 = Release|Any CPU
		{12A74DAD-F320-4051-B80D-54227701D29F}.Debug|Any CPU.ActiveCfg = Debug|Any CPU
		{12A74DAD-F320-4051-B80D-54227701D29F}.Debug|Any CPU.Build.0 = Debug|Any CPU
		{12A74DAD-F320-4051-B80D-54227701D29F}.Release|Any CPU.ActiveCfg = Release|Any CPU
		{12A74DAD-F320-4051-B80D-54227701D29F}.Release|Any CPU.Build.0 = Release|Any CPU
		{1E1D02CB-C1B6-411F-9637-5CA62BF34ED2}.Debug|Any CPU.ActiveCfg = Debug|Any CPU
		{1E1D02CB-C1B6-411F-9637-5CA62BF34ED2}.Debug|Any CPU.Build.0 = Debug|Any CPU
		{1E1D02CB-C1B6-411F-9637-5CA62BF34ED2}.Release|Any CPU.ActiveCfg = Release|Any CPU
		{1E1D02CB-C1B6-411F-9637-5CA62BF34ED2}.Release|Any CPU.Build.0 = Release|Any CPU
		{B481B595-1679-49C4-B79E-0BC1F354BFF2}.Debug|Any CPU.ActiveCfg = Debug|Any CPU
		{B481B595-1679-49C4-B79E-0BC1F354BFF2}.Debug|Any CPU.Build.0 = Debug|Any CPU
		{B481B595-1679-49C4-B79E-0BC1F354BFF2}.Release|Any CPU.ActiveCfg = Release|Any CPU
		{B481B595-1679-49C4-B79E-0BC1F354BFF2}.Release|Any CPU.Build.0 = Release|Any CPU
	EndGlobalSection
	GlobalSection(SolutionProperties) = preSolution
		HideSolutionNode = FALSE
	EndGlobalSection
	GlobalSection(ExtensibilityGlobals) = postSolution
		SolutionGuid = {5800F92F-6C11-4EA2-AE76-1148EC452C22}
	EndGlobalSection
EndGlobal
